# This file is automatically @generated by Cargo.
# It is not intended for manual editing.
[[package]]
name = "example"
version = "0.1.0"
dependencies = [
 "rusfuse",
]

[[package]]
name = "libc"
version = "0.2.81"
source = "registry+https://github.com/rust-lang/crates.io-index"
checksum = "1482821306169ec4d07f6aca392a4681f66c75c9918aa49641a2595db64053cb"

[[package]]
name = "rusfuse"
version = "0.1.0"
dependencies = [
 "libc",
 "signal-hook",
]

[[package]]
name = "signal-hook"
version = "0.2.2"
source = "registry+https://github.com/rust-lang/crates.io-index"
checksum = "8133fd06d2c721d4168f9b76a9a7fd3a0bfc96df58cf7316c7fb9f23bd677f4e"
dependencies = [
 "libc",
 "signal-hook-registry",
]

[[package]]
name = "signal-hook-registry"
version = "1.2.2"
source = "registry+https://github.com/rust-lang/crates.io-index"
checksum = "ce32ea0c6c56d5eacaeb814fbed9960547021d3edd010ded1425f180536b20ab"
dependencies = [
 "libc",
]
